
Microsoft Visual Studio Solution File, Format Version 12.00
# Visual Studio Version 16
VisualStudioVersion = 16.0.30804.86
MinimumVisualStudioVersion = 10.0.40219.1
Project("{FAE04EC0-301F-11D3-BF4B-00C04F79EFBC}") = "ImageConverter_SametColak_Lunes", "ImageConverter_SametColak_Lunes.csproj", "{DF9E701E-D857-4344-8E5A-0F5CFB760754}"
EndProject
Global
	GlobalSection(SolutionConfigurationPlatforms) = preSolution
		Debug|Any CPU = Debug|Any CPU
		Release|Any CPU = Release|Any CPU
	EndGlobalSection
	GlobalSection(ProjectConfigurationPlatforms) = postSolution
		{DF9E701E-D857-4344-8E5A-0F5CFB760754}.Debug|Any CPU.ActiveCfg = Debug|Any CPU
		{DF9E701E-D857-4344-8E5A-0F5CFB760754}.Debug|Any CPU.Build.0 = Debug|Any CPU
		{DF9E701E-D857-4344-8E5A-0F5CFB760754}.Release|Any CPU.ActiveCfg = Release|Any CPU
		{DF9E701E-D857-4344-8E5A-0F5CFB760754}.Release|Any CPU.Build.0 = Release|Any CPU
	EndGlobalSection
	GlobalSection(SolutionProperties) = preSolution
		HideSolutionNode = FALSE
	EndGlobalSection
	GlobalSection(ExtensibilityGlobals) = postSolution
		SolutionGuid = {BE3EDA66-9ABA-4A56-A1F2-2B0F1A43AA33}
	EndGlobalSection
EndGlobal
